
Microsoft Visual Studio Solution File, Format Version 12.00
# Visual Studio Version 16
VisualStudioVersion = 16.0.30907.101
MinimumVisualStudioVersion = 10.0.40219.1
Project("{FAE04EC0-301F-11D3-BF4B-00C04F79EFBC}") = "C_1_base", "C_1_base\C_1_base.csproj", "{467A806E-C721-4C96-B9DC-3700AEFEDCDF}"
EndProject
Global
	GlobalSection(SolutionConfigurationPlatforms) = preSolution
		Debug|Any CPU = Debug|Any CPU
		Release|Any CPU = Release|Any CPU
	EndGlobalSection
	GlobalSection(ProjectConfigurationPlatforms) = postSolution
		{467A806E-C721-4C96-B9DC-3700AEFEDCDF}.Debug|Any CPU.ActiveCfg = Debug|Any CPU
		{467A806E-C721-4C96-B9DC-3700AEFEDCDF}.Debug|Any CPU.Build.0 = Debug|Any CPU
		{467A806E-C721-4C96-B9DC-3700AEFEDCDF}.Release|Any CPU.ActiveCfg = Release|Any CPU
		{467A806E-C721-4C96-B9DC-3700AEFEDCDF}.Release|Any CPU.Build.0 = Release|Any CPU
	EndGlobalSection
	GlobalSection(SolutionProperties) = preSolution
		HideSolutionNode = FALSE
	EndGlobalSection
	GlobalSection(ExtensibilityGlobals) = postSolution
		SolutionGuid = {EEB02EDB-ABA9-4571-ABD1-4BCB5D047430}
	EndGlobalSection
EndGlobal
