
Microsoft Visual Studio Solution File, Format Version 12.00
# Visual Studio Version 16
VisualStudioVersion = 16.0.30907.101
MinimumVisualStudioVersion = 10.0.40219.1
Project("{FAE04EC0-301F-11D3-BF4B-00C04F79EFBC}") = "C_1_base", "C_1_base\C_1_base.csproj", "{EED9A6AB-6106-44B2-9972-3A4EEE191D45}"
EndProject
Project("{FAE04EC0-301F-11D3-BF4B-00C04F79EFBC}") = "Test", "Test\Test.csproj", "{05A173F2-45A6-4ED1-8159-30A51B743028}"
EndProject
Project("{FAE04EC0-301F-11D3-BF4B-00C04F79EFBC}") = "C_2_base", "C_2_base\C_2_base.csproj", "{1924B0E4-A27B-4877-B31C-71CBE788B96C}"
EndProject
Global
	GlobalSection(SolutionConfigurationPlatforms) = preSolution
		Debug|Any CPU = Debug|Any CPU
		Release|Any CPU = Release|Any CPU
	EndGlobalSection
	GlobalSection(ProjectConfigurationPlatforms) = postSolution
		{EED9A6AB-6106-44B2-9972-3A4EEE191D45}.Debug|Any CPU.ActiveCfg = Debug|Any CPU
		{EED9A6AB-6106-44B2-9972-3A4EEE191D45}.Debug|Any CPU.Build.0 = Debug|Any CPU
		{EED9A6AB-6106-44B2-9972-3A4EEE191D45}.Release|Any CPU.ActiveCfg = Release|Any CPU
		{EED9A6AB-6106-44B2-9972-3A4EEE191D45}.Release|Any CPU.Build.0 = Release|Any CPU
		{05A173F2-45A6-4ED1-8159-30A51B743028}.Debug|Any CPU.ActiveCfg = Debug|Any CPU
		{05A173F2-45A6-4ED1-8159-30A51B743028}.Debug|Any CPU.Build.0 = Debug|Any CPU
		{05A173F2-45A6-4ED1-8159-30A51B743028}.Release|Any CPU.ActiveCfg = Release|Any CPU
		{05A173F2-45A6-4ED1-8159-30A51B743028}.Release|Any CPU.Build.0 = Release|Any CPU
		{1924B0E4-A27B-4877-B31C-71CBE788B96C}.Debug|Any CPU.ActiveCfg = Debug|Any CPU
		{1924B0E4-A27B-4877-B31C-71CBE788B96C}.Debug|Any CPU.Build.0 = Debug|Any CPU
		{1924B0E4-A27B-4877-B31C-71CBE788B96C}.Release|Any CPU.ActiveCfg = Release|Any CPU
		{1924B0E4-A27B-4877-B31C-71CBE788B96C}.Release|Any CPU.Build.0 = Release|Any CPU
	EndGlobalSection
	GlobalSection(SolutionProperties) = preSolution
		HideSolutionNode = FALSE
	EndGlobalSection
	GlobalSection(ExtensibilityGlobals) = postSolution
		SolutionGuid = {BC7C0A41-4D45-4B51-BA79-3FD04A3EC8C2}
	EndGlobalSection
EndGlobal
